# This file is automatically @generated by Cargo.
# It is not intended for manual editing.
version = 4

[[package]]
name = "wiki-ai"
version = "0.1.0"
dependencies = [
 "wiki-core",
 "wiki-model",
 "wiki-search",
]

[[package]]
name = "wiki-core"
version = "0.1.0"
dependencies = [
 "wiki-model",
]

[[package]]
name = "wiki-ffi"
version = "0.1.0"
dependencies = [
 "wiki-ai",
 "wiki-core",
 "wiki-model",
 "wiki-pack-format",
 "wiki-search",
 "wiki-store",
]

[[package]]
name = "wiki-model"
version = "0.1.0"

[[package]]
name = "wiki-pack"
version = "0.1.0"
dependencies = [
 "wiki-pack-builder",
]

[[package]]
name = "wiki-pack-builder"
version = "0.1.0"
dependencies = [
 "wiki-core",
 "wiki-model",
 "wiki-pack-format",
 "wiki-search",
 "wiki-source",
 "wiki-store",
]

[[package]]
name = "wiki-pack-format"
version = "0.1.0"
dependencies = [
 "wiki-model",
]

[[package]]
name = "wiki-search"
version = "0.1.0"
dependencies = [
 "wiki-core",
 "wiki-model",
]

[[package]]
name = "wiki-source"
version = "0.1.0"
dependencies = [
 "wiki-core",
 "wiki-model",
]

[[package]]
name = "wiki-store"
version = "0.1.0"
dependencies = [
 "wiki-core",
 "wiki-model",
]
